{
  "version": 4,
  "terraform_version": "1.10.5",
  "serial": 5,
  "lineage": "cbcc5009-f37f-0ae7-9e83-4eaf6964f1d9",
  "outputs": {},
  "resources": [
    {
      "module": "module.EKS-cluster",
      "mode": "data",
      "type": "aws_iam_role",
      "name": "pull_role",
      "provider": "provider[\"registry.terraform.io/hashicorp/aws\"]",
      "instances": [
        {
          "schema_version": 0,
          "attributes": {
            "arn": "arn:aws:iam::891377060712:role/Phani_EKS_Cluster",
            "assume_role_policy": "{\"Version\":\"2012-10-17\",\"Statement\":[{\"Effect\":\"Allow\",\"Principal\":{\"Service\":\"eks.amazonaws.com\"},\"Action\":\"sts:AssumeRole\"}]}",
            "create_date": "2025-04-20T17:39:20Z",
            "description": "Allows the cluster Kubernetes control plane to manage AWS resources on your behalf.",
            "id": "Phani_EKS_Cluster",
            "max_session_duration": 3600,
            "name": "Phani_EKS_Cluster",
            "path": "/",
            "permissions_boundary": "",
            "role_last_used": [
              {
                "last_used_date": "",
                "region": ""
              }
            ],
            "tags": {},
            "unique_id": "AROA47CRWRNUP53AVO26M"
          },
          "sensitive_attributes": []
        }
      ]
    },
    {
      "module": "module.EKS-cluster",
      "mode": "managed",
      "type": "aws_eks_cluster",
      "name": "Phani-cluster",
      "provider": "provider[\"registry.terraform.io/hashicorp/aws\"]",
      "instances": [
        {
          "schema_version": 1,
          "attributes": {
            "access_config": [
              {
                "authentication_mode": "CONFIG_MAP",
                "bootstrap_cluster_creator_admin_permissions": true
              }
            ],
            "arn": "arn:aws:eks:ap-south-1:891377060712:cluster/Phani-node",
            "bootstrap_self_managed_addons": true,
            "certificate_authority": [
              {
                "data": "LS0tLS1CRUdJTiBDRVJUSUZJQ0FURS0tLS0tCk1JSURCVENDQWUyZ0F3SUJBZ0lJVmlhU3lkZ2hueEV3RFFZSktvWklodmNOQVFFTEJRQXdGVEVUTUJFR0ExVUUKQXhNS2EzVmlaWEp1WlhSbGN6QWVGdzB5TlRBME1qQXhOelE1TWpGYUZ3MHpOVEEwTVRneE56VTBNakZhTUJVeApFekFSQmdOVkJBTVRDbXQxWW1WeWJtVjBaWE13Z2dFaU1BMEdDU3FHU0liM0RRRUJBUVVBQTRJQkR3QXdnZ0VLCkFvSUJBUUR4SlFhZjdEOWFUYVcvbjBndHN6WGNHL293dC9rVkJ0M1R3cWxSZGtsenJVeUJ0cTkzMFNYUUdxYmkKd0R3eERRa1VBRDkyMXl6M1NBWFRJeGx1Tkk3dm1pZWQ1L0d2b2dGdzRTZnU2YkNQQ2J0VkFQVlpybEtjMjBtWApEZDh0TlJRRmg2Ri8rVXpvd0tlMDFUb2VtVnIreEpOMU03Rzd0Yk81cldHdDd2azRpV2JhYWFMUUYybEdsL3M5Cm5SdVpDSSsrVjE3TE1Vb3RvOTFPR2RGVXQ2UTloQzM5U2ZBSks3d0xmM0prZlE5cVdvTmM2TXVSK0c3QytiMTgKWjVZN29Kb2hJblhYT21PbmJJZjFqTmtDd3BRbHNpR0xpNUhCWmlEY0lZZ09GWVV0M292ZFo1QzUrWE96U0RESwp2aWpYOVFJOWQ3L01BNlo0UXVCa09jeFgyN0tsQWdNQkFBR2pXVEJYTUE0R0ExVWREd0VCL3dRRUF3SUNwREFQCkJnTlZIUk1CQWY4RUJUQURBUUgvTUIwR0ExVWREZ1FXQkJRall4QU9LQTFnaUFRYUwyQzE2dXVNR05ma3hqQVYKQmdOVkhSRUVEakFNZ2dwcmRXSmxjbTVsZEdWek1BMEdDU3FHU0liM0RRRUJDd1VBQTRJQkFRQ05JelNhWVFQUApQMmFqRXROZjdubEhwM0xaTUQrbDhhS211Y2N0VjVkM2Z3d3JHSjB0QXpPSVRLVGlJYm95c2RwVU9wZ1lLa2drCkZ4V2tqUTVyTXBzSkM5WUxUaXVsaW10RUVIR2RLOVIxRkFXRzNwam9CRUlLUTNqY3RYK1Rydy8wbTlRVURGbEEKOTc4enNPcWZqSVlyTW9hMzF4eGVZNVJoY2c4M1JiS1hIZlpXeDFPcHRXQ2p1RW1YVXd4L0hNZHVjM3M3TGlIbApYSFV2cEc0ZTBsWmlpUEUya2NlTnBnd2ZpL0dtUWVDbHVHR0pORDNpMVpmK0hWeGVZSmxDYnBzOU9IUlBzOStJCjJwZmk4eHppb3V5ck93VjBmc2F6QkZ6azJ2dE1FT0hPaWNTbnJhUXdkNS84UGlXYS9IU0IyQkRHUFNUOUJTNVYKbldUTWRlNHJwNCtOCi0tLS0tRU5EIENFUlRJRklDQVRFLS0tLS0K"
              }
            ],
            "cluster_id": null,
            "compute_config": [],
            "created_at": "2025-04-20T17:50:14Z",
            "enabled_cluster_log_types": null,
            "encryption_config": [],
            "endpoint": "https://479D12909585DC616475DA2FA1422F13.gr7.ap-south-1.eks.amazonaws.com",
            "force_update_version": null,
            "id": "Phani-node",
            "identity": [
              {
                "oidc": [
                  {
                    "issuer": "https://oidc.eks.ap-south-1.amazonaws.com/id/479D12909585DC616475DA2FA1422F13"
                  }
                ]
              }
            ],
            "kubernetes_network_config": [
              {
                "elastic_load_balancing": [
                  {
                    "enabled": false
                  }
                ],
                "ip_family": "ipv4",
                "service_ipv4_cidr": "10.100.0.0/16",
                "service_ipv6_cidr": ""
              }
            ],
            "name": "Phani-node",
            "outpost_config": [],
            "platform_version": "eks.8",
            "remote_network_config": [],
            "role_arn": "arn:aws:iam::891377060712:role/Phani_EKS_Cluster",
            "status": "ACTIVE",
            "storage_config": [],
            "tags": null,
            "tags_all": {},
            "timeouts": null,
            "upgrade_policy": [
              {
                "support_type": "EXTENDED"
              }
            ],
            "version": "1.32",
            "vpc_config": [
              {
                "cluster_security_group_id": "sg-05bc235153225dd5c",
                "endpoint_private_access": false,
                "endpoint_public_access": true,
                "public_access_cidrs": [
                  "0.0.0.0/0"
                ],
                "security_group_ids": null,
                "subnet_ids": [
                  "subnet-0185749c7d990658f",
                  "subnet-03c9f293878c943d8",
                  "subnet-09808056084aa5b87"
                ],
                "vpc_id": "vpc-08a4d8d6fa7d3fec1"
              }
            ],
            "zonal_shift_config": []
          },
          "sensitive_attributes": [],
          "private": "eyJlMmJmYjczMC1lY2FhLTExZTYtOGY4OC0zNDM2M2JjN2M0YzAiOnsiY3JlYXRlIjoxODAwMDAwMDAwMDAwLCJkZWxldGUiOjkwMDAwMDAwMDAwMCwidXBkYXRlIjozNjAwMDAwMDAwMDAwfSwic2NoZW1hX3ZlcnNpb24iOiIxIn0=",
          "dependencies": [
            "module.EKS-cluster.data.aws_iam_role.pull_role"
          ]
        }
      ]
    },
    {
      "module": "module.EKS-nodegroup",
      "mode": "data",
      "type": "aws_iam_role",
      "name": "pull_ami1",
      "provider": "provider[\"registry.terraform.io/hashicorp/aws\"]",
      "instances": [
        {
          "schema_version": 0,
          "attributes": {
            "arn": "arn:aws:iam::891377060712:role/Phani_EKS_Nodegroup",
            "assume_role_policy": "{\"Version\":\"2012-10-17\",\"Statement\":[{\"Effect\":\"Allow\",\"Principal\":{\"Service\":\"ec2.amazonaws.com\"},\"Action\":\"sts:AssumeRole\"}]}",
            "create_date": "2025-04-20T17:43:02Z",
            "description": "Allows EC2 instances to call AWS services on your behalf.",
            "id": "Phani_EKS_Nodegroup",
            "max_session_duration": 3600,
            "name": "Phani_EKS_Nodegroup",
            "path": "/",
            "permissions_boundary": "",
            "role_last_used": [
              {
                "last_used_date": "",
                "region": ""
              }
            ],
            "tags": {},
            "unique_id": "AROA47CRWRNUFLFINTZQY"
          },
          "sensitive_attributes": []
        }
      ]
    },
    {
      "module": "module.EKS-nodegroup",
      "mode": "managed",
      "type": "aws_eks_node_group",
      "name": "Phani-nodegroup",
      "provider": "provider[\"registry.terraform.io/hashicorp/aws\"]",
      "instances": [
        {
          "schema_version": 0,
          "attributes": {
            "ami_type": "AL2_x86_64",
            "arn": "arn:aws:eks:ap-south-1:891377060712:nodegroup/Phani-node/Phani-node-group/b0cb2a2b-f364-54ca-d050-f45c2d091c83",
            "capacity_type": "ON_DEMAND",
            "cluster_name": "Phani-node",
            "disk_size": 20,
            "force_update_version": null,
            "id": "Phani-node:Phani-node-group",
            "instance_types": [
              "t3.medium"
            ],
            "labels": null,
            "launch_template": [],
            "node_group_name": "Phani-node-group",
            "node_group_name_prefix": "",
            "node_repair_config": [],
            "node_role_arn": "arn:aws:iam::891377060712:role/Phani_EKS_Nodegroup",
            "release_version": "1.32.1-20250410",
            "remote_access": [],
            "resources": [
              {
                "autoscaling_groups": [
                  {
                    "name": "eks-Phani-node-group-b0cb2a2b-f364-54ca-d050-f45c2d091c83"
                  }
                ],
                "remote_access_security_group_id": ""
              }
            ],
            "scaling_config": [
              {
                "desired_size": 4,
                "max_size": 20,
                "min_size": 3
              }
            ],
            "status": "ACTIVE",
            "subnet_ids": [
              "subnet-0185749c7d990658f",
              "subnet-03c9f293878c943d8",
              "subnet-09808056084aa5b87"
            ],
            "tags": null,
            "tags_all": {},
            "taint": [],
            "timeouts": null,
            "update_config": [
              {
                "max_unavailable": 1,
                "max_unavailable_percentage": 0
              }
            ],
            "version": "1.32"
          },
          "sensitive_attributes": [],
          "private": "eyJlMmJmYjczMC1lY2FhLTExZTYtOGY4OC0zNDM2M2JjN2M0YzAiOnsiY3JlYXRlIjozNjAwMDAwMDAwMDAwLCJkZWxldGUiOjM2MDAwMDAwMDAwMDAsInVwZGF0ZSI6MzYwMDAwMDAwMDAwMH19",
          "dependencies": [
            "module.EKS-cluster.aws_eks_cluster.Phani-cluster",
            "module.EKS-cluster.data.aws_iam_role.pull_role",
            "module.EKS-nodegroup.data.aws_iam_role.pull_ami1"
          ]
        }
      ]
    }
  ],
  "check_results": null
}
